// !$*UTF8*$!
{
	archiveVersion = 1;
	classes = {
	};
	objectVersion = 46;
	objects = {

/* Begin PBXBuildFile section */
		FA7475F81BB4986E00C0CF18 /* main.m in Sources */ = {isa = PBXBuildFile; fileRef = FA7475F71BB4986E00C0CF18 /* main.m */; };
		FA7475FB1BB4986E00C0CF18 /* AppDelegate.m in Sources */ = {isa = PBXBuildFile; fileRef = FA7475FA1BB4986E00C0CF18 /* AppDelegate.m */; };
		FA7475FE1BB4986E00C0CF18 /* ViewController.m in Sources */ = {isa = PBXBuildFile; fileRef = FA7475FD1BB4986E00C0CF18 /* ViewController.m */; };
		FA7476011BB4986E00C0CF18 /* Main.storyboard in Resources */ = {isa = PBXBuildFile; fileRef = FA7475FF1BB4986E00C0CF18 /* Main.storyboard */; };
		FA7476031BB4986E00C0CF18 /* Assets.xcassets in Resources */ = {isa = PBXBuildFile; fileRef = FA7476021BB4986E00C0CF18 /* Assets.xcassets */; };
		FA7476061BB4986E00C0CF18 /* LaunchScreen.storyboard in Resources */ = {isa = PBXBuildFile; fileRef = FA7476041BB4986E00C0CF18 /* LaunchScreen.storyboard */; };
		FA7476111BB4986E00C0CF18 /* SlideExampleTests.m in Sources */ = {isa = PBXBuildFile; fileRef = FA7476101BB4986E00C0CF18 /* SlideExampleTests.m */; };
		FA74761C1BB4986E00C0CF18 /* SlideExampleUITests.m in Sources */ = {isa = PBXBuildFile; fileRef = FA74761B1BB4986E00C0CF18 /* SlideExampleUITests.m */; };
		FA7476361BB4BA1800C0CF18 /* bk.png in Resources */ = {isa = PBXBuildFile; fileRef = FA74762A1BB4BA1800C0CF18 /* bk.png */; };
		FA7476371BB4BA1800C0CF18 /* bloomies.png in Resources */ = {isa = PBXBuildFile; fileRef = FA74762B1BB4BA1800C0CF18 /* bloomies.png */; };
		FA7476381BB4BA1800C0CF18 /* homedepot.png in Resources */ = {isa = PBXBuildFile; fileRef = FA74762C1BB4BA1800C0CF18 /* homedepot.png */; };
		FA7476391BB4BA1800C0CF18 /* macys.png in Resources */ = {isa = PBXBuildFile; fileRef = FA74762D1BB4BA1800C0CF18 /* macys.png */; };
		FA74763A1BB4BA1800C0CF18 /* nike.png in Resources */ = {isa = PBXBuildFile; fileRef = FA74762E1BB4BA1800C0CF18 /* nike.png */; };
		FA74763B1BB4BA1800C0CF18 /* oldnavy.png in Resources */ = {isa = PBXBuildFile; fileRef = FA74762F1BB4BA1800C0CF18 /* oldnavy.png */; };
		FA74763C1BB4BA1800C0CF18 /* starbucks.png in Resources */ = {isa = PBXBuildFile; fileRef = FA7476301BB4BA1800C0CF18 /* starbucks.png */; };
		FA74763D1BB4BA1800C0CF18 /* subway.png in Resources */ = {isa = PBXBuildFile; fileRef = FA7476311BB4BA1800C0CF18 /* subway.png */; };
		FA74763E1BB4BA1800C0CF18 /* tcs.png in Resources */ = {isa = PBXBuildFile; fileRef = FA7476321BB4BA1800C0CF18 /* tcs.png */; };
		FA74763F1BB4BA1800C0CF18 /* tj.png in Resources */ = {isa = PBXBuildFile; fileRef = FA7476331BB4BA1800C0CF18 /* tj.png */; };
		FA7476401BB4BA1800C0CF18 /* walmart.png in Resources */ = {isa = PBXBuildFile; fileRef = FA7476341BB4BA1800C0CF18 /* walmart.png */; };
		FA7476411BB4BA1800C0CF18 /* wholefoods.png in Resources */ = {isa = PBXBuildFile; fileRef = FA7476351BB4BA1800C0CF18 /* wholefoods.png */; };
		FA74764B1BB4FE0300C0CF18 /* GiftCard.m in Sources */ = {isa = PBXBuildFile; fileRef = FA74764A1BB4FE0300C0CF18 /* GiftCard.m */; };
		FA7476591BB5EB1C00C0CF18 /* CustomCollectionLayout.m in Sources */ = {isa = PBXBuildFile; fileRef = FA7476581BB5EB1C00C0CF18 /* CustomCollectionLayout.m */; };
		FA803A311BB64CED00B3BB86 /* UIKit.framework in Frameworks */ = {isa = PBXBuildFile; fileRef = FA803A301BB64CED00B3BB86 /* UIKit.framework */; };
		FA803A331BB64CF400B3BB86 /* Foundation.framework in Frameworks */ = {isa = PBXBuildFile; fileRef = FA803A321BB64CF400B3BB86 /* Foundation.framework */; };
		FACDC3B81BB723DF00AD3ACF /* CustomCollectionViewCell.m in Sources */ = {isa = PBXBuildFile; fileRef = FACDC3B71BB723DF00AD3ACF /* CustomCollectionViewCell.m */; };
		FACDC3C31BB7732400AD3ACF /* CardDetailView.xib in Resources */ = {isa = PBXBuildFile; fileRef = FACDC3C21BB7732400AD3ACF /* CardDetailView.xib */; };
		FACDC3C61BB7737600AD3ACF /* CardDetailView.m in Sources */ = {isa = PBXBuildFile; fileRef = FACDC3C51BB7737600AD3ACF /* CardDetailView.m */; };
		FACDC3CA1BB7992400AD3ACF /* down-icon.png in Resources */ = {isa = PBXBuildFile; fileRef = FACDC3C91BB7992400AD3ACF /* down-icon.png */; };
/* End PBXBuildFile section */

/* Begin PBXContainerItemProxy section */
		FA74760D1BB4986E00C0CF18 /* PBXContainerItemProxy */ = {
			isa = PBXContainerItemProxy;
			containerPortal = FA7475EB1BB4986E00C0CF18 /* Project object */;
			proxyType = 1;
			remoteGlobalIDString = FA7475F21BB4986E00C0CF18;
			remoteInfo = SlideExample;
		};
		FA7476181BB4986E00C0CF18 /* PBXContainerItemProxy */ = {
			isa = PBXContainerItemProxy;
			containerPortal = FA7475EB1BB4986E00C0CF18 /* Project object */;
			proxyType = 1;
			remoteGlobalIDString = FA7475F21BB4986E00C0CF18;
			remoteInfo = SlideExample;
		};
/* End PBXContainerItemProxy section */

/* Begin PBXFileReference section */
		FA7475F31BB4986E00C0CF18 /* SlideExample.app */ = {isa = PBXFileReference; explicitFileType = wrapper.application; includeInIndex = 0; path = SlideExample.app; sourceTree = BUILT_PRODUCTS_DIR; };
		FA7475F71BB4986E00C0CF18 /* main.m */ = {isa = PBXFileReference; lastKnownFileType = sourcecode.c.objc; path = main.m; sourceTree = "<group>"; };
		FA7475F91BB4986E00C0CF18 /* AppDelegate.h */ = {isa = PBXFileReference; lastKnownFileType = sourcecode.c.h; path = AppDelegate.h; sourceTree = "<group>"; };
		FA7475FA1BB4986E00C0CF18 /* AppDelegate.m */ = {isa = PBXFileReference; lastKnownFileType = sourcecode.c.objc; path = AppDelegate.m; sourceTree = "<group>"; };
		FA7475FC1BB4986E00C0CF18 /* ViewController.h */ = {isa = PBXFileReference; lastKnownFileType = sourcecode.c.h; path = ViewController.h; sourceTree = "<group>"; };
		FA7475FD1BB4986E00C0CF18 /* ViewController.m */ = {isa = PBXFileReference; lastKnownFileType = sourcecode.c.objc; path = ViewController.m; sourceTree = "<group>"; };
		FA7476001BB4986E00C0CF18 /* Base */ = {isa = PBXFileReference; lastKnownFileType = file.storyboard; name = Base; path = Base.lproj/Main.storyboard; sourceTree = "<group>"; };
		FA7476021BB4986E00C0CF18 /* Assets.xcassets */ = {isa = PBXFileReference; lastKnownFileType = folder.assetcatalog; path = Assets.xcassets; sourceTree = "<group>"; };
		FA7476051BB4986E00C0CF18 /* Base */ = {isa = PBXFileReference; lastKnownFileType = file.storyboard; name = Base; path = Base.lproj/LaunchScreen.storyboard; sourceTree = "<group>"; };
		FA7476071BB4986E00C0CF18 /* Info.plist */ = {isa = PBXFileReference; lastKnownFileType = text.plist.xml; path = Info.plist; sourceTree = "<group>"; };
		FA74760C1BB4986E00C0CF18 /* SlideExampleTests.xctest */ = {isa = PBXFileReference; explicitFileType = wrapper.cfbundle; includeInIndex = 0; path = SlideExampleTests.xctest; sourceTree = BUILT_PRODUCTS_DIR; };
		FA7476101BB4986E00C0CF18 /* SlideExampleTests.m */ = {isa = PBXFileReference; lastKnownFileType = sourcecode.c.objc; path = SlideExampleTests.m; sourceTree = "<group>"; };
		FA7476121BB4986E00C0CF18 /* Info.plist */ = {isa = PBXFileReference; lastKnownFileType = text.plist.xml; path = Info.plist; sourceTree = "<group>"; };
		FA7476171BB4986E00C0CF18 /* SlideExampleUITests.xctest */ = {isa = PBXFileReference; explicitFileType = wrapper.cfbundle; includeInIndex = 0; path = SlideExampleUITests.xctest; sourceTree = BUILT_PRODUCTS_DIR; };
		FA74761B1BB4986E00C0CF18 /* SlideExampleUITests.m */ = {isa = PBXFileReference; lastKnownFileType = sourcecode.c.objc; path = SlideExampleUITests.m; sourceTree = "<group>"; };
		FA74761D1BB4986E00C0CF18 /* Info.plist */ = {isa = PBXFileReference; lastKnownFileType = text.plist.xml; path = Info.plist; sourceTree = "<group>"; };
		FA74762A1BB4BA1800C0CF18 /* bk.png */ = {isa = PBXFileReference; lastKnownFileType = image.png; path = bk.png; sourceTree = "<group>"; };
		FA74762B1BB4BA1800C0CF18 /* bloomies.png */ = {isa = PBXFileReference; lastKnownFileType = image.png; path = bloomies.png; sourceTree = "<group>"; };
		FA74762C1BB4BA1800C0CF18 /* homedepot.png */ = {isa = PBXFileReference; lastKnownFileType = image.png; path = homedepot.png; sourceTree = "<group>"; };
		FA74762D1BB4BA1800C0CF18 /* macys.png */ = {isa = PBXFileReference; lastKnownFileType = image.png; path = macys.png; sourceTree = "<group>"; };
		FA74762E1BB4BA1800C0CF18 /* nike.png */ = {isa = PBXFileReference; lastKnownFileType = image.png; path = nike.png; sourceTree = "<group>"; };
		FA74762F1BB4BA1800C0CF18 /* oldnavy.png */ = {isa = PBXFileReference; lastKnownFileType = image.png; path = oldnavy.png; sourceTree = "<group>"; };
		FA7476301BB4BA1800C0CF18 /* starbucks.png */ = {isa = PBXFileReference; lastKnownFileType = image.png; path = starbucks.png; sourceTree = "<group>"; };
		FA7476311BB4BA1800C0CF18 /* subway.png */ = {isa = PBXFileReference; lastKnownFileType = image.png; path = subway.png; sourceTree = "<group>"; };
		FA7476321BB4BA1800C0CF18 /* tcs.png */ = {isa = PBXFileReference; lastKnownFileType = image.png; path = tcs.png; sourceTree = "<group>"; };
		FA7476331BB4BA1800C0CF18 /* tj.png */ = {isa = PBXFileReference; lastKnownFileType = image.png; path = tj.png; sourceTree = "<group>"; };
		FA7476341BB4BA1800C0CF18 /* walmart.png */ = {isa = PBXFileReference; lastKnownFileType = image.png; path = walmart.png; sourceTree = "<group>"; };
		FA7476351BB4BA1800C0CF18 /* wholefoods.png */ = {isa = PBXFileReference; lastKnownFileType = image.png; path = wholefoods.png; sourceTree = "<group>"; };
		FA7476491BB4FE0300C0CF18 /* GiftCard.h */ = {isa = PBXFileReference; fileEncoding = 4; lastKnownFileType = sourcecode.c.h; path = GiftCard.h; sourceTree = "<group>"; };
		FA74764A1BB4FE0300C0CF18 /* GiftCard.m */ = {isa = PBXFileReference; fileEncoding = 4; lastKnownFileType = sourcecode.c.objc; path = GiftCard.m; sourceTree = "<group>"; };
		FA74764C1BB4FF7400C0CF18 /* SlideExample-prefix.pch */ = {isa = PBXFileReference; lastKnownFileType = sourcecode.c.h; path = "SlideExample-prefix.pch"; sourceTree = "<group>"; };
		FA7476571BB5EB1C00C0CF18 /* CustomCollectionLayout.h */ = {isa = PBXFileReference; fileEncoding = 4; lastKnownFileType = sourcecode.c.h; path = CustomCollectionLayout.h; sourceTree = "<group>"; };
		FA7476581BB5EB1C00C0CF18 /* CustomCollectionLayout.m */ = {isa = PBXFileReference; fileEncoding = 4; lastKnownFileType = sourcecode.c.objc; path = CustomCollectionLayout.m; sourceTree = "<group>"; };
		FA803A301BB64CED00B3BB86 /* UIKit.framework */ = {isa = PBXFileReference; lastKnownFileType = wrapper.framework; name = UIKit.framework; path = System/Library/Frameworks/UIKit.framework; sourceTree = SDKROOT; };
		FA803A321BB64CF400B3BB86 /* Foundation.framework */ = {isa = PBXFileReference; lastKnownFileType = wrapper.framework; name = Foundation.framework; path = System/Library/Frameworks/Foundation.framework; sourceTree = SDKROOT; };
		FACDC3B61BB723DF00AD3ACF /* CustomCollectionViewCell.h */ = {isa = PBXFileReference; fileEncoding = 4; lastKnownFileType = sourcecode.c.h; path = CustomCollectionViewCell.h; sourceTree = "<group>"; };
		FACDC3B71BB723DF00AD3ACF /* CustomCollectionViewCell.m */ = {isa = PBXFileReference; fileEncoding = 4; lastKnownFileType = sourcecode.c.objc; path = CustomCollectionViewCell.m; sourceTree = "<group>"; };
		FACDC3C21BB7732400AD3ACF /* CardDetailView.xib */ = {isa = PBXFileReference; fileEncoding = 4; lastKnownFileType = file.xib; path = CardDetailView.xib; sourceTree = "<group>"; };
		FACDC3C41BB7737600AD3ACF /* CardDetailView.h */ = {isa = PBXFileReference; fileEncoding = 4; lastKnownFileType = sourcecode.c.h; path = CardDetailView.h; sourceTree = "<group>"; };
		FACDC3C51BB7737600AD3ACF /* CardDetailView.m */ = {isa = PBXFileReference; fileEncoding = 4; lastKnownFileType = sourcecode.c.objc; path = CardDetailView.m; sourceTree = "<group>"; };
		FACDC3C91BB7992400AD3ACF /* down-icon.png */ = {isa = PBXFileReference; lastKnownFileType = image.png; path = "down-icon.png"; sourceTree = "<group>"; };
/* End PBXFileReference section */

/* Begin PBXFrameworksBuildPhase section */
		FA7475F01BB4986E00C0CF18 /* Frameworks */ = {
			isa = PBXFrameworksBuildPhase;
			buildActionMask = 2147483647;
			files = (
				FA803A331BB64CF400B3BB86 /* Foundation.framework in Frameworks */,
				FA803A311BB64CED00B3BB86 /* UIKit.framework in Frameworks */,
			);
			runOnlyForDeploymentPostprocessing = 0;
		};
		FA7476091BB4986E00C0CF18 /* Frameworks */ = {
			isa = PBXFrameworksBuildPhase;
			buildActionMask = 2147483647;
			files = (
			);
			runOnlyForDeploymentPostprocessing = 0;
		};
		FA7476141BB4986E00C0CF18 /* Frameworks */ = {
			isa = PBXFrameworksBuildPhase;
			buildActionMask = 2147483647;
			files = (
			);
			runOnlyForDeploymentPostprocessing = 0;
		};
/* End PBXFrameworksBuildPhase section */

/* Begin PBXGroup section */
		FA7475EA1BB4986E00C0CF18 = {
			isa = PBXGroup;
			children = (
				FA803A321BB64CF400B3BB86 /* Foundation.framework */,
				FA803A301BB64CED00B3BB86 /* UIKit.framework */,
				FA7475F51BB4986E00C0CF18 /* SlideExample */,
				FA74760F1BB4986E00C0CF18 /* SlideExampleTests */,
				FA74761A1BB4986E00C0CF18 /* SlideExampleUITests */,
				FA7475F41BB4986E00C0CF18 /* Products */,
			);
			sourceTree = "<group>";
		};
		FA7475F41BB4986E00C0CF18 /* Products */ = {
			isa = PBXGroup;
			children = (
				FA7475F31BB4986E00C0CF18 /* SlideExample.app */,
				FA74760C1BB4986E00C0CF18 /* SlideExampleTests.xctest */,
				FA7476171BB4986E00C0CF18 /* SlideExampleUITests.xctest */,
			);
			name = Products;
			sourceTree = "<group>";
		};
		FA7475F51BB4986E00C0CF18 /* SlideExample */ = {
			isa = PBXGroup;
			children = (
				FA7475F91BB4986E00C0CF18 /* AppDelegate.h */,
				FA7475FA1BB4986E00C0CF18 /* AppDelegate.m */,
				FA7475FF1BB4986E00C0CF18 /* Main.storyboard */,
				FA7476481BB4FDD900C0CF18 /* Models */,
				FACDC3B91BB726EB00AD3ACF /* Views */,
				FA7475FC1BB4986E00C0CF18 /* ViewController.h */,
				FA7475FD1BB4986E00C0CF18 /* ViewController.m */,
				FACDC3C41BB7737600AD3ACF /* CardDetailView.h */,
				FACDC3C51BB7737600AD3ACF /* CardDetailView.m */,
				FA74764D1BB5091500C0CF18 /* Custom Objects */,
				FA7476291BB4B9F400C0CF18 /* Resources */,
				FA7476021BB4986E00C0CF18 /* Assets.xcassets */,
				FA7476041BB4986E00C0CF18 /* LaunchScreen.storyboard */,
				FA7476071BB4986E00C0CF18 /* Info.plist */,
				FA74764C1BB4FF7400C0CF18 /* SlideExample-prefix.pch */,
				FA7475F61BB4986E00C0CF18 /* Supporting Files */,
			);
			path = SlideExample;
			sourceTree = "<group>";
		};
		FA7475F61BB4986E00C0CF18 /* Supporting Files */ = {
			isa = PBXGroup;
			children = (
				FA7475F71BB4986E00C0CF18 /* main.m */,
			);
			name = "Supporting Files";
			sourceTree = "<group>";
		};
		FA74760F1BB4986E00C0CF18 /* SlideExampleTests */ = {
			isa = PBXGroup;
			children = (
				FA7476101BB4986E00C0CF18 /* SlideExampleTests.m */,
				FA7476121BB4986E00C0CF18 /* Info.plist */,
			);
			path = SlideExampleTests;
			sourceTree = "<group>";
		};
		FA74761A1BB4986E00C0CF18 /* SlideExampleUITests */ = {
			isa = PBXGroup;
			children = (
				FA74761B1BB4986E00C0CF18 /* SlideExampleUITests.m */,
				FA74761D1BB4986E00C0CF18 /* Info.plist */,
			);
			path = SlideExampleUITests;
			sourceTree = "<group>";
		};
		FA7476291BB4B9F400C0CF18 /* Resources */ = {
			isa = PBXGroup;
			children = (
				FACDC3C91BB7992400AD3ACF /* down-icon.png */,
				FA74762A1BB4BA1800C0CF18 /* bk.png */,
				FA74762B1BB4BA1800C0CF18 /* bloomies.png */,
				FA74762C1BB4BA1800C0CF18 /* homedepot.png */,
				FA74762D1BB4BA1800C0CF18 /* macys.png */,
				FA74762E1BB4BA1800C0CF18 /* nike.png */,
				FA74762F1BB4BA1800C0CF18 /* oldnavy.png */,
				FA7476301BB4BA1800C0CF18 /* starbucks.png */,
				FA7476311BB4BA1800C0CF18 /* subway.png */,
				FA7476321BB4BA1800C0CF18 /* tcs.png */,
				FA7476331BB4BA1800C0CF18 /* tj.png */,
				FA7476341BB4BA1800C0CF18 /* walmart.png */,
				FA7476351BB4BA1800C0CF18 /* wholefoods.png */,
			);
			name = Resources;
			sourceTree = "<group>";
		};
		FA7476481BB4FDD900C0CF18 /* Models */ = {
			isa = PBXGroup;
			children = (
				FA7476491BB4FE0300C0CF18 /* GiftCard.h */,
				FA74764A1BB4FE0300C0CF18 /* GiftCard.m */,
			);
			name = Models;
			sourceTree = "<group>";
		};
		FA74764D1BB5091500C0CF18 /* Custom Objects */ = {
			isa = PBXGroup;
			children = (
				FA7476571BB5EB1C00C0CF18 /* CustomCollectionLayout.h */,
				FA7476581BB5EB1C00C0CF18 /* CustomCollectionLayout.m */,
				FACDC3B61BB723DF00AD3ACF /* CustomCollectionViewCell.h */,
				FACDC3B71BB723DF00AD3ACF /* CustomCollectionViewCell.m */,
			);
			name = "Custom Objects";
			sourceTree = "<group>";
		};
		FACDC3B91BB726EB00AD3ACF /* Views */ = {
			isa = PBXGroup;
			children = (
				FACDC3C21BB7732400AD3ACF /* CardDetailView.xib */,
			);
			name = Views;
			sourceTree = "<group>";
		};
/* End PBXGroup section */

/* Begin PBXNativeTarget section */
		FA7475F21BB4986E00C0CF18 /* SlideExample */ = {
			isa = PBXNativeTarget;
			buildConfigurationList = FA7476201BB4986E00C0CF18 /* Build configuration list for PBXNativeTarget "SlideExample" */;
			buildPhases = (
				FA7475EF1BB4986E00C0CF18 /* Sources */,
				FA7475F01BB4986E00C0CF18 /* Frameworks */,
				FA7475F11BB4986E00C0CF18 /* Resources */,
			);
			buildRules = (
			);
			dependencies = (
			);
			name = SlideExample;
			productName = SlideExample;
			productReference = FA7475F31BB4986E00C0CF18 /* SlideExample.app */;
			productType = "com.apple.product-type.application";
		};
		FA74760B1BB4986E00C0CF18 /* SlideExampleTests */ = {
			isa = PBXNativeTarget;
			buildConfigurationList = FA7476231BB4986E00C0CF18 /* Build configuration list for PBXNativeTarget "SlideExampleTests" */;
			buildPhases = (
				FA7476081BB4986E00C0CF18 /* Sources */,
				FA7476091BB4986E00C0CF18 /* Frameworks */,
				FA74760A1BB4986E00C0CF18 /* Resources */,
			);
			buildRules = (
			);
			dependencies = (
				FA74760E1BB4986E00C0CF18 /* PBXTargetDependency */,
			);
			name = SlideExampleTests;
			productName = SlideExampleTests;
			productReference = FA74760C1BB4986E00C0CF18 /* SlideExampleTests.xctest */;
			productType = "com.apple.product-type.bundle.unit-test";
		};
		FA7476161BB4986E00C0CF18 /* SlideExampleUITests */ = {
			isa = PBXNativeTarget;
			buildConfigurationList = FA7476261BB4986E00C0CF18 /* Build configuration list for PBXNativeTarget "SlideExampleUITests" */;
			buildPhases = (
				FA7476131BB4986E00C0CF18 /* Sources */,
				FA7476141BB4986E00C0CF18 /* Frameworks */,
				FA7476151BB4986E00C0CF18 /* Resources */,
			);
			buildRules = (
			);
			dependencies = (
				FA7476191BB4986E00C0CF18 /* PBXTargetDependency */,
			);
			name = SlideExampleUITests;
			productName = SlideExampleUITests;
			productReference = FA7476171BB4986E00C0CF18 /* SlideExampleUITests.xctest */;
			productType = "com.apple.product-type.bundle.ui-testing";
		};
/* End PBXNativeTarget section */

/* Begin PBXProject section */
		FA7475EB1BB4986E00C0CF18 /* Project object */ = {
			isa = PBXProject;
			attributes = {
				LastUpgradeCheck = 0700;
				ORGANIZATIONNAME = "Sahil Ishar";
				TargetAttributes = {
					FA7475F21BB4986E00C0CF18 = {
						CreatedOnToolsVersion = 7.0;
						DevelopmentTeam = X7FY4GCXX5;
					};
					FA74760B1BB4986E00C0CF18 = {
						CreatedOnToolsVersion = 7.0;
						TestTargetID = FA7475F21BB4986E00C0CF18;
					};
					FA7476161BB4986E00C0CF18 = {
						CreatedOnToolsVersion = 7.0;
						TestTargetID = FA7475F21BB4986E00C0CF18;
					};
				};
			};
			buildConfigurationList = FA7475EE1BB4986E00C0CF18 /* Build configuration list for PBXProject "SlideExample" */;
			compatibilityVersion = "Xcode 3.2";
			developmentRegion = English;
			hasScannedForEncodings = 0;
			knownRegions = (
				en,
				Base,
			);
			mainGroup = FA7475EA1BB4986E00C0CF18;
			productRefGroup = FA7475F41BB4986E00C0CF18 /* Products */;
			projectDirPath = "";
			projectRoot = "";
			targets = (
				FA7475F21BB4986E00C0CF18 /* SlideExample */,
				FA74760B1BB4986E00C0CF18 /* SlideExampleTests */,
				FA7476161BB4986E00C0CF18 /* SlideExampleUITests */,
			);
		};
/* End PBXProject section */

/* Begin PBXResourcesBuildPhase section */
		FA7475F11BB4986E00C0CF18 /* Resources */ = {
			isa = PBXResourcesBuildPhase;
			buildActionMask = 2147483647;
			files = (
				FACDC3CA1BB7992400AD3ACF /* down-icon.png in Resources */,
				FA74763F1BB4BA1800C0CF18 /* tj.png in Resources */,
				FA74763E1BB4BA1800C0CF18 /* tcs.png in Resources */,
				FA7476391BB4BA1800C0CF18 /* macys.png in Resources */,
				FA7476061BB4986E00C0CF18 /* LaunchScreen.storyboard in Resources */,
				FA74763A1BB4BA1800C0CF18 /* nike.png in Resources */,
				FA7476381BB4BA1800C0CF18 /* homedepot.png in Resources */,
				FA7476401BB4BA1800C0CF18 /* walmart.png in Resources */,
				FA7476031BB4986E00C0CF18 /* Assets.xcassets in Resources */,
				FA7476361BB4BA1800C0CF18 /* bk.png in Resources */,
				FA74763D1BB4BA1800C0CF18 /* subway.png in Resources */,
				FA74763C1BB4BA1800C0CF18 /* starbucks.png in Resources */,
				FACDC3C31BB7732400AD3ACF /* CardDetailView.xib in Resources */,
				FA7476011BB4986E00C0CF18 /* Main.storyboard in Resources */,
				FA7476371BB4BA1800C0CF18 /* bloomies.png in Resources */,
				FA7476411BB4BA1800C0CF18 /* wholefoods.png in Resources */,
				FA74763B1BB4BA1800C0CF18 /* oldnavy.png in Resources */,
			);
			runOnlyForDeploymentPostprocessing = 0;
		};
		FA74760A1BB4986E00C0CF18 /* Resources */ = {
			isa = PBXResourcesBuildPhase;
			buildActionMask = 2147483647;
			files = (
			);
			runOnlyForDeploymentPostprocessing = 0;
		};
		FA7476151BB4986E00C0CF18 /* Resources */ = {
			isa = PBXResourcesBuildPhase;
			buildActionMask = 2147483647;
			files = (
			);
			runOnlyForDeploymentPostprocessing = 0;
		};
/* End PBXResourcesBuildPhase section */

/* Begin PBXSourcesBuildPhase section */
		FA7475EF1BB4986E00C0CF18 /* Sources */ = {
			isa = PBXSourcesBuildPhase;
			buildActionMask = 2147483647;
			files = (
				FA7476591BB5EB1C00C0CF18 /* CustomCollectionLayout.m in Sources */,
				FA7475FE1BB4986E00C0CF18 /* ViewController.m in Sources */,
				FA74764B1BB4FE0300C0CF18 /* GiftCard.m in Sources */,
				FACDC3B81BB723DF00AD3ACF /* CustomCollectionViewCell.m in Sources */,
				FA7475FB1BB4986E00C0CF18 /* AppDelegate.m in Sources */,
				FA7475F81BB4986E00C0CF18 /* main.m in Sources */,
				FACDC3C61BB7737600AD3ACF /* CardDetailView.m in Sources */,
			);
			runOnlyForDeploymentPostprocessing = 0;
		};
		FA7476081BB4986E00C0CF18 /* Sources */ = {
			isa = PBXSourcesBuildPhase;
			buildActionMask = 2147483647;
			files = (
				FA7476111BB4986E00C0CF18 /* SlideExampleTests.m in Sources */,
			);
			runOnlyForDeploymentPostprocessing = 0;
		};
		FA7476131BB4986E00C0CF18 /* Sources */ = {
			isa = PBXSourcesBuildPhase;
			buildActionMask = 2147483647;
			files = (
				FA74761C1BB4986E00C0CF18 /* SlideExampleUITests.m in Sources */,
			);
			runOnlyForDeploymentPostprocessing = 0;
		};
/* End PBXSourcesBuildPhase section */

/* Begin PBXTargetDependency section */
		FA74760E1BB4986E00C0CF18 /* PBXTargetDependency */ = {
			isa = PBXTargetDependency;
			target = FA7475F21BB4986E00C0CF18 /* SlideExample */;
			targetProxy = FA74760D1BB4986E00C0CF18 /* PBXContainerItemProxy */;
		};
		FA7476191BB4986E00C0CF18 /* PBXTargetDependency */ = {
			isa = PBXTargetDependency;
			target = FA7475F21BB4986E00C0CF18 /* SlideExample */;
			targetProxy = FA7476181BB4986E00C0CF18 /* PBXContainerItemProxy */;
		};
/* End PBXTargetDependency section */

/* Begin PBXVariantGroup section */
		FA7475FF1BB4986E00C0CF18 /* Main.storyboard */ = {
			isa = PBXVariantGroup;
			children = (
				FA7476001BB4986E00C0CF18 /* Base */,
			);
			name = Main.storyboard;
			sourceTree = "<group>";
		};
		FA7476041BB4986E00C0CF18 /* LaunchScreen.storyboard */ = {
			isa = PBXVariantGroup;
			children = (
				FA7476051BB4986E00C0CF18 /* Base */,
			);
			name = LaunchScreen.storyboard;
			sourceTree = "<group>";
		};
/* End PBXVariantGroup section */

/* Begin XCBuildConfiguration section */
		FA74761E1BB4986E00C0CF18 /* Debug */ = {
			isa = XCBuildConfiguration;
			buildSettings = {
				ALWAYS_SEARCH_USER_PATHS = NO;
				CLANG_CXX_LANGUAGE_STANDARD = "gnu++0x";
				CLANG_CXX_LIBRARY = "libc++";
				CLANG_ENABLE_MODULES = YES;
				CLANG_ENABLE_OBJC_ARC = YES;
				CLANG_WARN_BOOL_CONVERSION = YES;
				CLANG_WARN_CONSTANT_CONVERSION = YES;
				CLANG_WARN_DIRECT_OBJC_ISA_USAGE = YES_ERROR;
				CLANG_WARN_EMPTY_BODY = YES;
				CLANG_WARN_ENUM_CONVERSION = YES;
				CLANG_WARN_INT_CONVERSION = YES;
				CLANG_WARN_OBJC_ROOT_CLASS = YES_ERROR;
				CLANG_WARN_UNREACHABLE_CODE = YES;
				CLANG_WARN__DUPLICATE_METHOD_MATCH = YES;
				"CODE_SIGN_IDENTITY[sdk=iphoneos*]" = "iPhone Developer";
				COPY_PHASE_STRIP = NO;
				DEBUG_INFORMATION_FORMAT = dwarf;
				ENABLE_STRICT_OBJC_MSGSEND = YES;
				ENABLE_TESTABILITY = YES;
				GCC_C_LANGUAGE_STANDARD = gnu99;
				GCC_DYNAMIC_NO_PIC = NO;
				GCC_NO_COMMON_BLOCKS = YES;
				GCC_OPTIMIZATION_LEVEL = 0;
				GCC_PREPROCESSOR_DEFINITIONS = (
					"DEBUG=1",
					"$(inherited)",
				);
				GCC_WARN_64_TO_32_BIT_CONVERSION = YES;
				GCC_WARN_ABOUT_RETURN_TYPE = YES_ERROR;
				GCC_WARN_UNDECLARED_SELECTOR = YES;
				GCC_WARN_UNINITIALIZED_AUTOS = YES_AGGRESSIVE;
				GCC_WARN_UNUSED_FUNCTION = YES;
				GCC_WARN_UNUSED_VARIABLE = YES;
				IPHONEOS_DEPLOYMENT_TARGET = 9.0;
				MTL_ENABLE_DEBUG_INFO = YES;
				ONLY_ACTIVE_ARCH = YES;
				SDKROOT = iphoneos;
				TARGETED_DEVICE_FAMILY = "1,2";
			};
			name = Debug;
		};
		FA74761F1BB4986E00C0CF18 /* Release */ = {
			isa = XCBuildConfiguration;
			buildSettings = {
				ALWAYS_SEARCH_USER_PATHS = NO;
				CLANG_CXX_LANGUAGE_STANDARD = "gnu++0x";
				CLANG_CXX_LIBRARY = "libc++";
				CLANG_ENABLE_MODULES = YES;
				CLANG_ENABLE_OBJC_ARC = YES;
				CLANG_WARN_BOOL_CONVERSION = YES;
				CLANG_WARN_CONSTANT_CONVERSION = YES;
				CLANG_WARN_DIRECT_OBJC_ISA_USAGE = YES_ERROR;
				CLANG_WARN_EMPTY_BODY = YES;
				CLANG_WARN_ENUM_CONVERSION = YES;
				CLANG_WARN_INT_CONVERSION = YES;
				CLANG_WARN_OBJC_ROOT_CLASS = YES_ERROR;
				CLANG_WARN_UNREACHABLE_CODE = YES;
				CLANG_WARN__DUPLICATE_METHOD_MATCH = YES;
				"CODE_SIGN_IDENTITY[sdk=iphoneos*]" = "iPhone Developer";
				COPY_PHASE_STRIP = NO;
				DEBUG_INFORMATION_FORMAT = "dwarf-with-dsym";
				ENABLE_NS_ASSERTIONS = NO;
				ENABLE_STRICT_OBJC_MSGSEND = YES;
				GCC_C_LANGUAGE_STANDARD = gnu99;
				GCC_NO_COMMON_BLOCKS = YES;
				GCC_WARN_64_TO_32_BIT_CONVERSION = YES;
				GCC_WARN_ABOUT_RETURN_TYPE = YES_ERROR;
				GCC_WARN_UNDECLARED_SELECTOR = YES;
				GCC_WARN_UNINITIALIZED_AUTOS = YES_AGGRESSIVE;
				GCC_WARN_UNUSED_FUNCTION = YES;
				GCC_WARN_UNUSED_VARIABLE = YES;
				IPHONEOS_DEPLOYMENT_TARGET = 9.0;
				MTL_ENABLE_DEBUG_INFO = NO;
				SDKROOT = iphoneos;
				TARGETED_DEVICE_FAMILY = "1,2";
				VALIDATE_PRODUCT = YES;
			};
			name = Release;
		};
		FA7476211BB4986E00C0CF18 /* Debug */ = {
			isa = XCBuildConfiguration;
			buildSettings = {
				ASSETCATALOG_COMPILER_APPICON_NAME = AppIcon;
				CODE_SIGN_IDENTITY = "iPhone Developer";
				GCC_PRECOMPILE_PREFIX_HEADER = YES;
				GCC_PREFIX_HEADER = "SlideExample/SlideExample-prefix.pch";
				INFOPLIST_FILE = SlideExample/Info.plist;
				IPHONEOS_DEPLOYMENT_TARGET = 9.0;
				LD_RUNPATH_SEARCH_PATHS = "$(inherited) @executable_path/Frameworks";
				PRODUCT_BUNDLE_IDENTIFIER = com.sahil.SlideExample;
				PRODUCT_NAME = "$(TARGET_NAME)";
				TARGETED_DEVICE_FAMILY = 1;
			};
			name = Debug;
		};
		FA7476221BB4986E00C0CF18 /* Release */ = {
			isa = XCBuildConfiguration;
			buildSettings = {
				ASSETCATALOG_COMPILER_APPICON_NAME = AppIcon;
				CODE_SIGN_IDENTITY = "iPhone Developer";
				GCC_PRECOMPILE_PREFIX_HEADER = YES;
				GCC_PREFIX_HEADER = "SlideExample/SlideExample-prefix.pch";
				INFOPLIST_FILE = SlideExample/Info.plist;
				IPHONEOS_DEPLOYMENT_TARGET = 9.0;
				LD_RUNPATH_SEARCH_PATHS = "$(inherited) @executable_path/Frameworks";
				PRODUCT_BUNDLE_IDENTIFIER = com.sahil.SlideExample;
				PRODUCT_NAME = "$(TARGET_NAME)";
				TARGETED_DEVICE_FAMILY = 1;
			};
			name = Release;
		};
		FA7476241BB4986E00C0CF18 /* Debug */ = {
			isa = XCBuildConfiguration;
			buildSettings = {
				BUNDLE_LOADER = "$(TEST_HOST)";
				INFOPLIST_FILE = SlideExampleTests/Info.plist;
				LD_RUNPATH_SEARCH_PATHS = "$(inherited) @executable_path/Frameworks @loader_path/Frameworks";
				PRODUCT_BUNDLE_IDENTIFIER = com.sahil.SlideExampleTests;
				PRODUCT_NAME = "$(TARGET_NAME)";
				TEST_HOST = "$(BUILT_PRODUCTS_DIR)/SlideExample.app/SlideExample";
			};
			name = Debug;
		};
		FA7476251BB4986E00C0CF18 /* Release */ = {
			isa = XCBuildConfiguration;
			buildSettings = {
				BUNDLE_LOADER = "$(TEST_HOST)";
				INFOPLIST_FILE = SlideExampleTests/Info.plist;
				LD_RUNPATH_SEARCH_PATHS = "$(inherited) @executable_path/Frameworks @loader_path/Frameworks";
				PRODUCT_BUNDLE_IDENTIFIER = com.sahil.SlideExampleTests;
				PRODUCT_NAME = "$(TARGET_NAME)";
				TEST_HOST = "$(BUILT_PRODUCTS_DIR)/SlideExample.app/SlideExample";
			};
			name = Release;
		};
		FA7476271BB4986E00C0CF18 /* Debug */ = {
			isa = XCBuildConfiguration;
			buildSettings = {
				INFOPLIST_FILE = SlideExampleUITests/Info.plist;
				LD_RUNPATH_SEARCH_PATHS = "$(inherited) @executable_path/Frameworks @loader_path/Frameworks";
				PRODUCT_BUNDLE_IDENTIFIER = com.sahil.SlideExampleUITests;
				PRODUCT_NAME = "$(TARGET_NAME)";
				TEST_TARGET_NAME = SlideExample;
				USES_XCTRUNNER = YES;
			};
			name = Debug;
		};
		FA7476281BB4986E00C0CF18 /* Release */ = {
			isa = XCBuildConfiguration;
			buildSettings = {
				INFOPLIST_FILE = SlideExampleUITests/Info.plist;
				LD_RUNPATH_SEARCH_PATHS = "$(inherited) @executable_path/Frameworks @loader_path/Frameworks";
				PRODUCT_BUNDLE_IDENTIFIER = com.sahil.SlideExampleUITests;
				PRODUCT_NAME = "$(TARGET_NAME)";
				TEST_TARGET_NAME = SlideExample;
				USES_XCTRUNNER = YES;
			};
			name = Release;
		};
/* End XCBuildConfiguration section */

/* Begin XCConfigurationList section */
		FA7475EE1BB4986E00C0CF18 /* Build configuration list for PBXProject "SlideExample" */ = {
			isa = XCConfigurationList;
			buildConfigurations = (
				FA74761E1BB4986E00C0CF18 /* Debug */,
				FA74761F1BB4986E00C0CF18 /* Release */,
			);
			defaultConfigurationIsVisible = 0;
			defaultConfigurationName = Release;
		};
		FA7476201BB4986E00C0CF18 /* Build configuration list for PBXNativeTarget "SlideExample" */ = {
			isa = XCConfigurationList;
			buildConfigurations = (
				FA7476211BB4986E00C0CF18 /* Debug */,
				FA7476221BB4986E00C0CF18 /* Release */,
			);
			defaultConfigurationIsVisible = 0;
			defaultConfigurationName = Release;
		};
		FA7476231BB4986E00C0CF18 /* Build configuration list for PBXNativeTarget "SlideExampleTests" */ = {
			isa = XCConfigurationList;
			buildConfigurations = (
				FA7476241BB4986E00C0CF18 /* Debug */,
				FA7476251BB4986E00C0CF18 /* Release */,
			);
			defaultConfigurationIsVisible = 0;
			defaultConfigurationName = Release;
		};
		FA7476261BB4986E00C0CF18 /* Build configuration list for PBXNativeTarget "SlideExampleUITests" */ = {
			isa = XCConfigurationList;
			buildConfigurations = (
				FA7476271BB4986E00C0CF18 /* Debug */,
				FA7476281BB4986E00C0CF18 /* Release */,
			);
			defaultConfigurationIsVisible = 0;
			defaultConfigurationName = Release;
		};
/* End XCConfigurationList section */
	};
	rootObject = FA7475EB1BB4986E00C0CF18 /* Project object */;
}
